
Microsoft Visual Studio Solution File, Format Version 12.00
# Visual Studio Version 17
VisualStudioVersion = 17.9.34902.65
MinimumVisualStudioVersion = 10.0.40219.1
Project("{FAE04EC0-301F-11D3-BF4B-00C04F79EFBC}") = "TurnUpCRUDFunctiontest", "TurnUpCRUDFunctiontest.csproj", "{A964AC8D-B6CD-4736-82D8-E915629062C1}"
EndProject
Global
	GlobalSection(SolutionConfigurationPlatforms) = preSolution
		Debug|Any CPU = Debug|Any CPU
		Release|Any CPU = Release|Any CPU
	EndGlobalSection
	GlobalSection(ProjectConfigurationPlatforms) = postSolution
		{A964AC8D-B6CD-4736-82D8-E915629062C1}.Debug|Any CPU.ActiveCfg = Debug|Any CPU
		{A964AC8D-B6CD-4736-82D8-E915629062C1}.Debug|Any CPU.Build.0 = Debug|Any CPU
		{A964AC8D-B6CD-4736-82D8-E915629062C1}.Release|Any CPU.ActiveCfg = Release|Any CPU
		{A964AC8D-B6CD-4736-82D8-E915629062C1}.Release|Any CPU.Build.0 = Release|Any CPU
	EndGlobalSection
	GlobalSection(SolutionProperties) = preSolution
		HideSolutionNode = FALSE
	EndGlobalSection
	GlobalSection(ExtensibilityGlobals) = postSolution
		SolutionGuid = {B8AD164A-E2A1-4331-987C-D833AA1CC898}
	EndGlobalSection
EndGlobal
